
Microsoft Visual Studio Solution File, Format Version 12.00
# Visual Studio Version 16
VisualStudioVersion = 16.0.31025.194
MinimumVisualStudioVersion = 10.0.40219.1
Project("{FAE04EC0-301F-11D3-BF4B-00C04F79EFBC}") = "EF6_ASPxGridView_sample", "EF6_ASPxGridView_sample\EF6_ASPxGridView_sample.csproj", "{05153A2A-CD1B-42C9-BA0F-1E8DDE1005B7}"
EndProject
Global
	GlobalSection(SolutionConfigurationPlatforms) = preSolution
		Debug|Any CPU = Debug|Any CPU
		Release|Any CPU = Release|Any CPU
	EndGlobalSection
	GlobalSection(ProjectConfigurationPlatforms) = postSolution
		{05153A2A-CD1B-42C9-BA0F-1E8DDE1005B7}.Debug|Any CPU.ActiveCfg = Debug|Any CPU
		{05153A2A-CD1B-42C9-BA0F-1E8DDE1005B7}.Debug|Any CPU.Build.0 = Debug|Any CPU
		{05153A2A-CD1B-42C9-BA0F-1E8DDE1005B7}.Release|Any CPU.ActiveCfg = Release|Any CPU
		{05153A2A-CD1B-42C9-BA0F-1E8DDE1005B7}.Release|Any CPU.Build.0 = Release|Any CPU
	EndGlobalSection
	GlobalSection(SolutionProperties) = preSolution
		HideSolutionNode = FALSE
	EndGlobalSection
	GlobalSection(ExtensibilityGlobals) = postSolution
		SolutionGuid = {1B644F60-EBB2-416F-81C2-F51E6D1045EA}
	EndGlobalSection
EndGlobal
